
Microsoft Visual Studio Solution File, Format Version 12.00
# Visual Studio Version 17
VisualStudioVersion = 17.9.34701.34
MinimumVisualStudioVersion = 10.0.40219.1
Project("{FAE04EC0-301F-11D3-BF4B-00C04F79EFBC}") = "ProjectName - WPF", "ProjectName - WPF\ProjectName - WPF.csproj", "{D49F2C64-5A92-482C-B7FA-8DFF8AED7C3D}"
EndProject
Project("{FAE04EC0-301F-11D3-BF4B-00C04F79EFBC}") = "Assignment3", "Assignment3\Assignment3.csproj", "{81587826-7738-44B2-9F11-3C2F0C90B56E}"
EndProject
Global
	GlobalSection(SolutionConfigurationPlatforms) = preSolution
		Debug|Any CPU = Debug|Any CPU
		Release|Any CPU = Release|Any CPU
	EndGlobalSection
	GlobalSection(ProjectConfigurationPlatforms) = postSolution
		{D49F2C64-5A92-482C-B7FA-8DFF8AED7C3D}.Debug|Any CPU.ActiveCfg = Debug|Any CPU
		{D49F2C64-5A92-482C-B7FA-8DFF8AED7C3D}.Debug|Any CPU.Build.0 = Debug|Any CPU
		{D49F2C64-5A92-482C-B7FA-8DFF8AED7C3D}.Release|Any CPU.ActiveCfg = Release|Any CPU
		{D49F2C64-5A92-482C-B7FA-8DFF8AED7C3D}.Release|Any CPU.Build.0 = Release|Any CPU
		{81587826-7738-44B2-9F11-3C2F0C90B56E}.Debug|Any CPU.ActiveCfg = Debug|Any CPU
		{81587826-7738-44B2-9F11-3C2F0C90B56E}.Debug|Any CPU.Build.0 = Debug|Any CPU
		{81587826-7738-44B2-9F11-3C2F0C90B56E}.Release|Any CPU.ActiveCfg = Release|Any CPU
		{81587826-7738-44B2-9F11-3C2F0C90B56E}.Release|Any CPU.Build.0 = Release|Any CPU
	EndGlobalSection
	GlobalSection(SolutionProperties) = preSolution
		HideSolutionNode = FALSE
	EndGlobalSection
	GlobalSection(ExtensibilityGlobals) = postSolution
		SolutionGuid = {B130F6EA-9FEE-4AD1-A1D9-957E7571D366}
	EndGlobalSection
EndGlobal
