
Microsoft Visual Studio Solution File, Format Version 12.00
# Visual Studio Version 17
VisualStudioVersion = 17.8.34330.188
MinimumVisualStudioVersion = 10.0.40219.1
Project("{FAE04EC0-301F-11D3-BF4B-00C04F79EFBC}") = "MP3Player", "MP3Player\MP3Player.csproj", "{FD749C3E-EE3D-4BB9-89D7-D89901CB80D7}"
EndProject
Global
	GlobalSection(SolutionConfigurationPlatforms) = preSolution
		Debug|Any CPU = Debug|Any CPU
		Release|Any CPU = Release|Any CPU
	EndGlobalSection
	GlobalSection(ProjectConfigurationPlatforms) = postSolution
		{FD749C3E-EE3D-4BB9-89D7-D89901CB80D7}.Debug|Any CPU.ActiveCfg = Debug|Any CPU
		{FD749C3E-EE3D-4BB9-89D7-D89901CB80D7}.Debug|Any CPU.Build.0 = Debug|Any CPU
		{FD749C3E-EE3D-4BB9-89D7-D89901CB80D7}.Release|Any CPU.ActiveCfg = Release|Any CPU
		{FD749C3E-EE3D-4BB9-89D7-D89901CB80D7}.Release|Any CPU.Build.0 = Release|Any CPU
	EndGlobalSection
	GlobalSection(SolutionProperties) = preSolution
		HideSolutionNode = FALSE
	EndGlobalSection
	GlobalSection(ExtensibilityGlobals) = postSolution
		SolutionGuid = {3F3E64EC-947A-4FC9-B623-FB3514C5E83F}
	EndGlobalSection
EndGlobal
